// !$*UTF8*$!
{
	archiveVersion = 1;
	classes = {
	};
	objectVersion = 55;
	objects = {

/* Begin PBXBuildFile section */
		9D37613A27FF49AC0026F71C /* AppDelegate.swift in Sources */ = {isa = PBXBuildFile; fileRef = 9D37613927FF49AC0026F71C /* AppDelegate.swift */; };
		9D37613C27FF49AC0026F71C /* SceneDelegate.swift in Sources */ = {isa = PBXBuildFile; fileRef = 9D37613B27FF49AC0026F71C /* SceneDelegate.swift */; };
		9D37613E27FF49AC0026F71C /* ViewController.swift in Sources */ = {isa = PBXBuildFile; fileRef = 9D37613D27FF49AC0026F71C /* ViewController.swift */; };
		9D37614127FF49AC0026F71C /* Main.storyboard in Resources */ = {isa = PBXBuildFile; fileRef = 9D37613F27FF49AC0026F71C /* Main.storyboard */; };
		9D37614327FF49AE0026F71C /* Assets.xcassets in Resources */ = {isa = PBXBuildFile; fileRef = 9D37614227FF49AE0026F71C /* Assets.xcassets */; };
		9D37614627FF49AE0026F71C /* LaunchScreen.storyboard in Resources */ = {isa = PBXBuildFile; fileRef = 9D37614427FF49AE0026F71C /* LaunchScreen.storyboard */; };
		9D37614E27FF4C380026F71C /* ResultViewController.swift in Sources */ = {isa = PBXBuildFile; fileRef = 9D37614D27FF4C380026F71C /* ResultViewController.swift */; };
		9DBECC822804EA0600B47C99 /* GooglePlacesManager.swift in Sources */ = {isa = PBXBuildFile; fileRef = 9DBECC812804EA0600B47C99 /* GooglePlacesManager.swift */; };
		C0F4AB0C8F07E80B1F763F1D /* Pods_searchNow.framework in Frameworks */ = {isa = PBXBuildFile; fileRef = CA101EAEE332FABF5BF28BC2 /* Pods_searchNow.framework */; };
/* End PBXBuildFile section */

/* Begin PBXFileReference section */
		5A841B4FE579C2DE6992B972 /* Pods-searchNow.debug.xcconfig */ = {isa = PBXFileReference; includeInIndex = 1; lastKnownFileType = text.xcconfig; name = "Pods-searchNow.debug.xcconfig"; path = "Target Support Files/Pods-searchNow/Pods-searchNow.debug.xcconfig"; sourceTree = "<group>"; };
		9D37613627FF49AC0026F71C /* searchNow.app */ = {isa = PBXFileReference; explicitFileType = wrapper.application; includeInIndex = 0; path = searchNow.app; sourceTree = BUILT_PRODUCTS_DIR; };
		9D37613927FF49AC0026F71C /* AppDelegate.swift */ = {isa = PBXFileReference; lastKnownFileType = sourcecode.swift; path = AppDelegate.swift; sourceTree = "<group>"; };
		9D37613B27FF49AC0026F71C /* SceneDelegate.swift */ = {isa = PBXFileReference; lastKnownFileType = sourcecode.swift; path = SceneDelegate.swift; sourceTree = "<group>"; };
		9D37613D27FF49AC0026F71C /* ViewController.swift */ = {isa = PBXFileReference; lastKnownFileType = sourcecode.swift; path = ViewController.swift; sourceTree = "<group>"; };
		9D37614027FF49AC0026F71C /* Base */ = {isa = PBXFileReference; lastKnownFileType = file.storyboard; name = Base; path = Base.lproj/Main.storyboard; sourceTree = "<group>"; };
		9D37614227FF49AE0026F71C /* Assets.xcassets */ = {isa = PBXFileReference; lastKnownFileType = folder.assetcatalog; path = Assets.xcassets; sourceTree = "<group>"; };
		9D37614527FF49AE0026F71C /* Base */ = {isa = PBXFileReference; lastKnownFileType = file.storyboard; name = Base; path = Base.lproj/LaunchScreen.storyboard; sourceTree = "<group>"; };
		9D37614727FF49AE0026F71C /* Info.plist */ = {isa = PBXFileReference; lastKnownFileType = text.plist.xml; path = Info.plist; sourceTree = "<group>"; };
		9D37614D27FF4C380026F71C /* ResultViewController.swift */ = {isa = PBXFileReference; lastKnownFileType = sourcecode.swift; path = ResultViewController.swift; sourceTree = "<group>"; };
		9DBECC812804EA0600B47C99 /* GooglePlacesManager.swift */ = {isa = PBXFileReference; lastKnownFileType = sourcecode.swift; path = GooglePlacesManager.swift; sourceTree = "<group>"; };
		B19D38DA97A2091A8304FF86 /* Pods-searchNow.release.xcconfig */ = {isa = PBXFileReference; includeInIndex = 1; lastKnownFileType = text.xcconfig; name = "Pods-searchNow.release.xcconfig"; path = "Target Support Files/Pods-searchNow/Pods-searchNow.release.xcconfig"; sourceTree = "<group>"; };
		CA101EAEE332FABF5BF28BC2 /* Pods_searchNow.framework */ = {isa = PBXFileReference; explicitFileType = wrapper.framework; includeInIndex = 0; path = Pods_searchNow.framework; sourceTree = BUILT_PRODUCTS_DIR; };
/* End PBXFileReference section */

/* Begin PBXFrameworksBuildPhase section */
		9D37613327FF49AC0026F71C /* Frameworks */ = {
			isa = PBXFrameworksBuildPhase;
			buildActionMask = 2147483647;
			files = (
				C0F4AB0C8F07E80B1F763F1D /* Pods_searchNow.framework in Frameworks */,
			);
			runOnlyForDeploymentPostprocessing = 0;
		};
/* End PBXFrameworksBuildPhase section */

/* Begin PBXGroup section */
		6EA718FE3938FFEA3E653FFA /* Pods */ = {
			isa = PBXGroup;
			children = (
				5A841B4FE579C2DE6992B972 /* Pods-searchNow.debug.xcconfig */,
				B19D38DA97A2091A8304FF86 /* Pods-searchNow.release.xcconfig */,
			);
			path = Pods;
			sourceTree = "<group>";
		};
		9D37612D27FF49AC0026F71C = {
			isa = PBXGroup;
			children = (
				9D37613827FF49AC0026F71C /* searchNow */,
				9D37613727FF49AC0026F71C /* Products */,
				6EA718FE3938FFEA3E653FFA /* Pods */,
				D40A7DC31CF250E681D36B6A /* Frameworks */,
			);
			sourceTree = "<group>";
		};
		9D37613727FF49AC0026F71C /* Products */ = {
			isa = PBXGroup;
			children = (
				9D37613627FF49AC0026F71C /* searchNow.app */,
			);
			name = Products;
			sourceTree = "<group>";
		};
		9D37613827FF49AC0026F71C /* searchNow */ = {
			isa = PBXGroup;
			children = (
				9D37613927FF49AC0026F71C /* AppDelegate.swift */,
				9D37613B27FF49AC0026F71C /* SceneDelegate.swift */,
				9D37613D27FF49AC0026F71C /* ViewController.swift */,
				9D37614D27FF4C380026F71C /* ResultViewController.swift */,
				9D37613F27FF49AC0026F71C /* Main.storyboard */,
				9D37614227FF49AE0026F71C /* Assets.xcassets */,
				9D37614427FF49AE0026F71C /* LaunchScreen.storyboard */,
				9D37614727FF49AE0026F71C /* Info.plist */,
				9DBECC812804EA0600B47C99 /* GooglePlacesManager.swift */,
			);
			path = searchNow;
			sourceTree = "<group>";
		};
		D40A7DC31CF250E681D36B6A /* Frameworks */ = {
			isa = PBXGroup;
			children = (
				CA101EAEE332FABF5BF28BC2 /* Pods_searchNow.framework */,
			);
			name = Frameworks;
			sourceTree = "<group>";
		};
/* End PBXGroup section */

/* Begin PBXNativeTarget section */
		9D37613527FF49AC0026F71C /* searchNow */ = {
			isa = PBXNativeTarget;
			buildConfigurationList = 9D37614A27FF49AE0026F71C /* Build configuration list for PBXNativeTarget "searchNow" */;
			buildPhases = (
				8CE2BF9AE18BA507E4EA03AE /* [CP] Check Pods Manifest.lock */,
				9D37613227FF49AC0026F71C /* Sources */,
				9D37613327FF49AC0026F71C /* Frameworks */,
				9D37613427FF49AC0026F71C /* Resources */,
				B6ADFD7A0C3D0F700AD3B22D /* [CP] Copy Pods Resources */,
				75B067A951186551BE7933F1 /* [CP] Embed Pods Frameworks */,
			);
			buildRules = (
			);
			dependencies = (
			);
			name = searchNow;
			productName = searchNow;
			productReference = 9D37613627FF49AC0026F71C /* searchNow.app */;
			productType = "com.apple.product-type.application";
		};
/* End PBXNativeTarget section */

/* Begin PBXProject section */
		9D37612E27FF49AC0026F71C /* Project object */ = {
			isa = PBXProject;
			attributes = {
				BuildIndependentTargetsInParallel = 1;
				LastSwiftUpdateCheck = 1330;
				LastUpgradeCheck = 1330;
				TargetAttributes = {
					9D37613527FF49AC0026F71C = {
						CreatedOnToolsVersion = 13.3;
					};
				};
			};
			buildConfigurationList = 9D37613127FF49AC0026F71C /* Build configuration list for PBXProject "searchNow" */;
			compatibilityVersion = "Xcode 13.0";
			developmentRegion = en;
			hasScannedForEncodings = 0;
			knownRegions = (
				en,
				Base,
			);
			mainGroup = 9D37612D27FF49AC0026F71C;
			productRefGroup = 9D37613727FF49AC0026F71C /* Products */;
			projectDirPath = "";
			projectRoot = "";
			targets = (
				9D37613527FF49AC0026F71C /* searchNow */,
			);
		};
/* End PBXProject section */

/* Begin PBXResourcesBuildPhase section */
		9D37613427FF49AC0026F71C /* Resources */ = {
			isa = PBXResourcesBuildPhase;
			buildActionMask = 2147483647;
			files = (
				9D37614627FF49AE0026F71C /* LaunchScreen.storyboard in Resources */,
				9D37614327FF49AE0026F71C /* Assets.xcassets in Resources */,
				9D37614127FF49AC0026F71C /* Main.storyboard in Resources */,
			);
			runOnlyForDeploymentPostprocessing = 0;
		};
/* End PBXResourcesBuildPhase section */

/* Begin PBXShellScriptBuildPhase section */
		75B067A951186551BE7933F1 /* [CP] Embed Pods Frameworks */ = {
			isa = PBXShellScriptBuildPhase;
			buildActionMask = 2147483647;
			files = (
			);
			inputFileListPaths = (
				"${PODS_ROOT}/Target Support Files/Pods-searchNow/Pods-searchNow-frameworks-${CONFIGURATION}-input-files.xcfilelist",
			);
			name = "[CP] Embed Pods Frameworks";
			outputFileListPaths = (
				"${PODS_ROOT}/Target Support Files/Pods-searchNow/Pods-searchNow-frameworks-${CONFIGURATION}-output-files.xcfilelist",
			);
			runOnlyForDeploymentPostprocessing = 0;
			shellPath = /bin/sh;
			shellScript = "\"${PODS_ROOT}/Target Support Files/Pods-searchNow/Pods-searchNow-frameworks.sh\"\n";
			showEnvVarsInLog = 0;
		};
		8CE2BF9AE18BA507E4EA03AE /* [CP] Check Pods Manifest.lock */ = {
			isa = PBXShellScriptBuildPhase;
			buildActionMask = 2147483647;
			files = (
			);
			inputFileListPaths = (
			);
			inputPaths = (
				"${PODS_PODFILE_DIR_PATH}/Podfile.lock",
				"${PODS_ROOT}/Manifest.lock",
			);
			name = "[CP] Check Pods Manifest.lock";
			outputFileListPaths = (
			);
			outputPaths = (
				"$(DERIVED_FILE_DIR)/Pods-searchNow-checkManifestLockResult.txt",
			);
			runOnlyForDeploymentPostprocessing = 0;
			shellPath = /bin/sh;
			shellScript = "diff \"${PODS_PODFILE_DIR_PATH}/Podfile.lock\" \"${PODS_ROOT}/Manifest.lock\" > /dev/null\nif [ $? != 0 ] ; then\n    # print error to STDERR\n    echo \"error: The sandbox is not in sync with the Podfile.lock. Run 'pod install' or update your CocoaPods installation.\" >&2\n    exit 1\nfi\n# This output is used by Xcode 'outputs' to avoid re-running this script phase.\necho \"SUCCESS\" > \"${SCRIPT_OUTPUT_FILE_0}\"\n";
			showEnvVarsInLog = 0;
		};
		B6ADFD7A0C3D0F700AD3B22D /* [CP] Copy Pods Resources */ = {
			isa = PBXShellScriptBuildPhase;
			buildActionMask = 2147483647;
			files = (
			);
			inputFileListPaths = (
				"${PODS_ROOT}/Target Support Files/Pods-searchNow/Pods-searchNow-resources-${CONFIGURATION}-input-files.xcfilelist",
			);
			name = "[CP] Copy Pods Resources";
			outputFileListPaths = (
				"${PODS_ROOT}/Target Support Files/Pods-searchNow/Pods-searchNow-resources-${CONFIGURATION}-output-files.xcfilelist",
			);
			runOnlyForDeploymentPostprocessing = 0;
			shellPath = /bin/sh;
			shellScript = "\"${PODS_ROOT}/Target Support Files/Pods-searchNow/Pods-searchNow-resources.sh\"\n";
			showEnvVarsInLog = 0;
		};
/* End PBXShellScriptBuildPhase section */

/* Begin PBXSourcesBuildPhase section */
		9D37613227FF49AC0026F71C /* Sources */ = {
			isa = PBXSourcesBuildPhase;
			buildActionMask = 2147483647;
			files = (
				9D37613E27FF49AC0026F71C /* ViewController.swift in Sources */,
				9D37613A27FF49AC0026F71C /* AppDelegate.swift in Sources */,
				9D37613C27FF49AC0026F71C /* SceneDelegate.swift in Sources */,
				9D37614E27FF4C380026F71C /* ResultViewController.swift in Sources */,
				9DBECC822804EA0600B47C99 /* GooglePlacesManager.swift in Sources */,
			);
			runOnlyForDeploymentPostprocessing = 0;
		};
/* End PBXSourcesBuildPhase section */

/* Begin PBXVariantGroup section */
		9D37613F27FF49AC0026F71C /* Main.storyboard */ = {
			isa = PBXVariantGroup;
			children = (
				9D37614027FF49AC0026F71C /* Base */,
			);
			name = Main.storyboard;
			sourceTree = "<group>";
		};
		9D37614427FF49AE0026F71C /* LaunchScreen.storyboard */ = {
			isa = PBXVariantGroup;
			children = (
				9D37614527FF49AE0026F71C /* Base */,
			);
			name = LaunchScreen.storyboard;
			sourceTree = "<group>";
		};
/* End PBXVariantGroup section */

/* Begin XCBuildConfiguration section */
		9D37614827FF49AE0026F71C /* Debug */ = {
			isa = XCBuildConfiguration;
			buildSettings = {
				ALWAYS_SEARCH_USER_PATHS = NO;
				CLANG_ANALYZER_NONNULL = YES;
				CLANG_ANALYZER_NUMBER_OBJECT_CONVERSION = YES_AGGRESSIVE;
				CLANG_CXX_LANGUAGE_STANDARD = "gnu++17";
				CLANG_ENABLE_MODULES = YES;
				CLANG_ENABLE_OBJC_ARC = YES;
				CLANG_ENABLE_OBJC_WEAK = YES;
				CLANG_WARN_BLOCK_CAPTURE_AUTORELEASING = YES;
				CLANG_WARN_BOOL_CONVERSION = YES;
				CLANG_WARN_COMMA = YES;
				CLANG_WARN_CONSTANT_CONVERSION = YES;
				CLANG_WARN_DEPRECATED_OBJC_IMPLEMENTATIONS = YES;
				CLANG_WARN_DIRECT_OBJC_ISA_USAGE = YES_ERROR;
				CLANG_WARN_DOCUMENTATION_COMMENTS = YES;
				CLANG_WARN_EMPTY_BODY = YES;
				CLANG_WARN_ENUM_CONVERSION = YES;
				CLANG_WARN_INFINITE_RECURSION = YES;
				CLANG_WARN_INT_CONVERSION = YES;
				CLANG_WARN_NON_LITERAL_NULL_CONVERSION = YES;
				CLANG_WARN_OBJC_IMPLICIT_RETAIN_SELF = YES;
				CLANG_WARN_OBJC_LITERAL_CONVERSION = YES;
				CLANG_WARN_OBJC_ROOT_CLASS = YES_ERROR;
				CLANG_WARN_QUOTED_INCLUDE_IN_FRAMEWORK_HEADER = YES;
				CLANG_WARN_RANGE_LOOP_ANALYSIS = YES;
				CLANG_WARN_STRICT_PROTOTYPES = YES;
				CLANG_WARN_SUSPICIOUS_MOVE = YES;
				CLANG_WARN_UNGUARDED_AVAILABILITY = YES_AGGRESSIVE;
				CLANG_WARN_UNREACHABLE_CODE = YES;
				CLANG_WARN__DUPLICATE_METHOD_MATCH = YES;
				COPY_PHASE_STRIP = NO;
				DEBUG_INFORMATION_FORMAT = dwarf;
				ENABLE_STRICT_OBJC_MSGSEND = YES;
				ENABLE_TESTABILITY = YES;
				GCC_C_LANGUAGE_STANDARD = gnu11;
				GCC_DYNAMIC_NO_PIC = NO;
				GCC_NO_COMMON_BLOCKS = YES;
				GCC_OPTIMIZATION_LEVEL = 0;
				GCC_PREPROCESSOR_DEFINITIONS = (
					"DEBUG=1",
					"$(inherited)",
				);
				GCC_WARN_64_TO_32_BIT_CONVERSION = YES;
				GCC_WARN_ABOUT_RETURN_TYPE = YES_ERROR;
				GCC_WARN_UNDECLARED_SELECTOR = YES;
				GCC_WARN_UNINITIALIZED_AUTOS = YES_AGGRESSIVE;
				GCC_WARN_UNUSED_FUNCTION = YES;
				GCC_WARN_UNUSED_VARIABLE = YES;
				IPHONEOS_DEPLOYMENT_TARGET = 15.4;
				MTL_ENABLE_DEBUG_INFO = INCLUDE_SOURCE;
				MTL_FAST_MATH = YES;
				ONLY_ACTIVE_ARCH = YES;
				SDKROOT = iphoneos;
				SWIFT_ACTIVE_COMPILATION_CONDITIONS = DEBUG;
				SWIFT_OPTIMIZATION_LEVEL = "-Onone";
			};
			name = Debug;
		};
		9D37614927FF49AE0026F71C /* Release */ = {
			isa = XCBuildConfiguration;
			buildSettings = {
				ALWAYS_SEARCH_USER_PATHS = NO;
				CLANG_ANALYZER_NONNULL = YES;
				CLANG_ANALYZER_NUMBER_OBJECT_CONVERSION = YES_AGGRESSIVE;
				CLANG_CXX_LANGUAGE_STANDARD = "gnu++17";
				CLANG_ENABLE_MODULES = YES;
				CLANG_ENABLE_OBJC_ARC = YES;
				CLANG_ENABLE_OBJC_WEAK = YES;
				CLANG_WARN_BLOCK_CAPTURE_AUTORELEASING = YES;
				CLANG_WARN_BOOL_CONVERSION = YES;
				CLANG_WARN_COMMA = YES;
				CLANG_WARN_CONSTANT_CONVERSION = YES;
				CLANG_WARN_DEPRECATED_OBJC_IMPLEMENTATIONS = YES;
				CLANG_WARN_DIRECT_OBJC_ISA_USAGE = YES_ERROR;
				CLANG_WARN_DOCUMENTATION_COMMENTS = YES;
				CLANG_WARN_EMPTY_BODY = YES;
				CLANG_WARN_ENUM_CONVERSION = YES;
				CLANG_WARN_INFINITE_RECURSION = YES;
				CLANG_WARN_INT_CONVERSION = YES;
				CLANG_WARN_NON_LITERAL_NULL_CONVERSION = YES;
				CLANG_WARN_OBJC_IMPLICIT_RETAIN_SELF = YES;
				CLANG_WARN_OBJC_LITERAL_CONVERSION = YES;
				CLANG_WARN_OBJC_ROOT_CLASS = YES_ERROR;
				CLANG_WARN_QUOTED_INCLUDE_IN_FRAMEWORK_HEADER = YES;
				CLANG_WARN_RANGE_LOOP_ANALYSIS = YES;
				CLANG_WARN_STRICT_PROTOTYPES = YES;
				CLANG_WARN_SUSPICIOUS_MOVE = YES;
				CLANG_WARN_UNGUARDED_AVAILABILITY = YES_AGGRESSIVE;
				CLANG_WARN_UNREACHABLE_CODE = YES;
				CLANG_WARN__DUPLICATE_METHOD_MATCH = YES;
				COPY_PHASE_STRIP = NO;
				DEBUG_INFORMATION_FORMAT = "dwarf-with-dsym";
				ENABLE_NS_ASSERTIONS = NO;
				ENABLE_STRICT_OBJC_MSGSEND = YES;
				GCC_C_LANGUAGE_STANDARD = gnu11;
				GCC_NO_COMMON_BLOCKS = YES;
				GCC_WARN_64_TO_32_BIT_CONVERSION = YES;
				GCC_WARN_ABOUT_RETURN_TYPE = YES_ERROR;
				GCC_WARN_UNDECLARED_SELECTOR = YES;
				GCC_WARN_UNINITIALIZED_AUTOS = YES_AGGRESSIVE;
				GCC_WARN_UNUSED_FUNCTION = YES;
				GCC_WARN_UNUSED_VARIABLE = YES;
				IPHONEOS_DEPLOYMENT_TARGET = 15.4;
				MTL_ENABLE_DEBUG_INFO = NO;
				MTL_FAST_MATH = YES;
				SDKROOT = iphoneos;
				SWIFT_COMPILATION_MODE = wholemodule;
				SWIFT_OPTIMIZATION_LEVEL = "-O";
				VALIDATE_PRODUCT = YES;
			};
			name = Release;
		};
		9D37614B27FF49AE0026F71C /* Debug */ = {
			isa = XCBuildConfiguration;
			baseConfigurationReference = 5A841B4FE579C2DE6992B972 /* Pods-searchNow.debug.xcconfig */;
			buildSettings = {
				ASSETCATALOG_COMPILER_APPICON_NAME = AppIcon;
				ASSETCATALOG_COMPILER_GLOBAL_ACCENT_COLOR_NAME = AccentColor;
				CODE_SIGN_STYLE = Automatic;
				CURRENT_PROJECT_VERSION = 1;
				DEVELOPMENT_TEAM = 95X8D63F3T;
				GENERATE_INFOPLIST_FILE = YES;
				INFOPLIST_FILE = searchNow/Info.plist;
				INFOPLIST_KEY_UIApplicationSupportsIndirectInputEvents = YES;
				INFOPLIST_KEY_UILaunchStoryboardName = LaunchScreen;
				INFOPLIST_KEY_UIMainStoryboardFile = Main;
				INFOPLIST_KEY_UISupportedInterfaceOrientations_iPad = "UIInterfaceOrientationPortrait UIInterfaceOrientationPortraitUpsideDown UIInterfaceOrientationLandscapeLeft UIInterfaceOrientationLandscapeRight";
				INFOPLIST_KEY_UISupportedInterfaceOrientations_iPhone = "UIInterfaceOrientationPortrait UIInterfaceOrientationLandscapeLeft UIInterfaceOrientationLandscapeRight";
				LD_RUNPATH_SEARCH_PATHS = (
					"$(inherited)",
					"@executable_path/Frameworks",
				);
				MARKETING_VERSION = 1.0;
				PRODUCT_BUNDLE_IDENTIFIER = webmob.searchNow;
				PRODUCT_NAME = "$(TARGET_NAME)";
				SWIFT_EMIT_LOC_STRINGS = YES;
				SWIFT_VERSION = 5.0;
				TARGETED_DEVICE_FAMILY = "1,2";
			};
			name = Debug;
		};
		9D37614C27FF49AE0026F71C /* Release */ = {
			isa = XCBuildConfiguration;
			baseConfigurationReference = B19D38DA97A2091A8304FF86 /* Pods-searchNow.release.xcconfig */;
			buildSettings = {
				ASSETCATALOG_COMPILER_APPICON_NAME = AppIcon;
				ASSETCATALOG_COMPILER_GLOBAL_ACCENT_COLOR_NAME = AccentColor;
				CODE_SIGN_STYLE = Automatic;
				CURRENT_PROJECT_VERSION = 1;
				DEVELOPMENT_TEAM = 95X8D63F3T;
				GENERATE_INFOPLIST_FILE = YES;
				INFOPLIST_FILE = searchNow/Info.plist;
				INFOPLIST_KEY_UIApplicationSupportsIndirectInputEvents = YES;
				INFOPLIST_KEY_UILaunchStoryboardName = LaunchScreen;
				INFOPLIST_KEY_UIMainStoryboardFile = Main;
				INFOPLIST_KEY_UISupportedInterfaceOrientations_iPad = "UIInterfaceOrientationPortrait UIInterfaceOrientationPortraitUpsideDown UIInterfaceOrientationLandscapeLeft UIInterfaceOrientationLandscapeRight";
				INFOPLIST_KEY_UISupportedInterfaceOrientations_iPhone = "UIInterfaceOrientationPortrait UIInterfaceOrientationLandscapeLeft UIInterfaceOrientationLandscapeRight";
				LD_RUNPATH_SEARCH_PATHS = (
					"$(inherited)",
					"@executable_path/Frameworks",
				);
				MARKETING_VERSION = 1.0;
				PRODUCT_BUNDLE_IDENTIFIER = webmob.searchNow;
				PRODUCT_NAME = "$(TARGET_NAME)";
				SWIFT_EMIT_LOC_STRINGS = YES;
				SWIFT_VERSION = 5.0;
				TARGETED_DEVICE_FAMILY = "1,2";
			};
			name = Release;
		};
/* End XCBuildConfiguration section */

/* Begin XCConfigurationList section */
		9D37613127FF49AC0026F71C /* Build configuration list for PBXProject "searchNow" */ = {
			isa = XCConfigurationList;
			buildConfigurations = (
				9D37614827FF49AE0026F71C /* Debug */,
				9D37614927FF49AE0026F71C /* Release */,
			);
			defaultConfigurationIsVisible = 0;
			defaultConfigurationName = Release;
		};
		9D37614A27FF49AE0026F71C /* Build configuration list for PBXNativeTarget "searchNow" */ = {
			isa = XCConfigurationList;
			buildConfigurations = (
				9D37614B27FF49AE0026F71C /* Debug */,
				9D37614C27FF49AE0026F71C /* Release */,
			);
			defaultConfigurationIsVisible = 0;
			defaultConfigurationName = Release;
		};
/* End XCConfigurationList section */
	};
	rootObject = 9D37612E27FF49AC0026F71C /* Project object */;
}
